
Microsoft Visual Studio Solution File, Format Version 12.00
# Visual Studio Version 16
VisualStudioVersion = 16.0.30225.117
MinimumVisualStudioVersion = 10.0.40219.1
Project("{FAE04EC0-301F-11D3-BF4B-00C04F79EFBC}") = "USEConsole", "USEConsole\USEConsole.csproj", "{D581D7C0-4CC5-4A2A-B3D7-8B8A92647F71}"
EndProject
Project("{FAE04EC0-301F-11D3-BF4B-00C04F79EFBC}") = "USELibrary", "USELibrary\USELibrary.csproj", "{A4CDC564-23A1-4491-9A80-DF4EAD3D5C47}"
EndProject
Global
	GlobalSection(SolutionConfigurationPlatforms) = preSolution
		Debug|Any CPU = Debug|Any CPU
		Release|Any CPU = Release|Any CPU
	EndGlobalSection
	GlobalSection(ProjectConfigurationPlatforms) = postSolution
		{D581D7C0-4CC5-4A2A-B3D7-8B8A92647F71}.Debug|Any CPU.ActiveCfg = Debug|Any CPU
		{D581D7C0-4CC5-4A2A-B3D7-8B8A92647F71}.Debug|Any CPU.Build.0 = Debug|Any CPU
		{D581D7C0-4CC5-4A2A-B3D7-8B8A92647F71}.Release|Any CPU.ActiveCfg = Release|Any CPU
		{D581D7C0-4CC5-4A2A-B3D7-8B8A92647F71}.Release|Any CPU.Build.0 = Release|Any CPU
		{A4CDC564-23A1-4491-9A80-DF4EAD3D5C47}.Debug|Any CPU.ActiveCfg = Debug|Any CPU
		{A4CDC564-23A1-4491-9A80-DF4EAD3D5C47}.Debug|Any CPU.Build.0 = Debug|Any CPU
		{A4CDC564-23A1-4491-9A80-DF4EAD3D5C47}.Release|Any CPU.ActiveCfg = Release|Any CPU
		{A4CDC564-23A1-4491-9A80-DF4EAD3D5C47}.Release|Any CPU.Build.0 = Release|Any CPU
	EndGlobalSection
	GlobalSection(SolutionProperties) = preSolution
		HideSolutionNode = FALSE
	EndGlobalSection
	GlobalSection(ExtensibilityGlobals) = postSolution
		SolutionGuid = {166F36A1-4574-4483-81F7-02D3A3B6880C}
	EndGlobalSection
EndGlobal
